// !$*UTF8*$!
{
	archiveVersion = 1;
	classes = {
	};
	objectVersion = 55;
	objects = {

/* Begin PBXBuildFile section */
		94567D10280AE36400F5849C /* SettingView.swift in Sources */ = {isa = PBXBuildFile; fileRef = 94567D0F280AE36400F5849C /* SettingView.swift */; };
		94567D18280FF95D00F5849C /* WidgetKit.framework in Frameworks */ = {isa = PBXBuildFile; fileRef = 94567D17280FF95C00F5849C /* WidgetKit.framework */; };
		94567D1A280FF95D00F5849C /* SwiftUI.framework in Frameworks */ = {isa = PBXBuildFile; fileRef = 94567D19280FF95D00F5849C /* SwiftUI.framework */; };
		94567D1D280FF95D00F5849C /* WidgetTimer86400.swift in Sources */ = {isa = PBXBuildFile; fileRef = 94567D1C280FF95D00F5849C /* WidgetTimer86400.swift */; };
		94567D20280FF96000F5849C /* Assets.xcassets in Resources */ = {isa = PBXBuildFile; fileRef = 94567D1F280FF96000F5849C /* Assets.xcassets */; };
		94567D26280FF96000F5849C /* WidgetTimer86400Extension.appex in Embed App Extensions */ = {isa = PBXBuildFile; fileRef = 94567D15280FF95C00F5849C /* WidgetTimer86400Extension.appex */; settings = {ATTRIBUTES = (RemoveHeadersOnCopy, ); }; };
		94AA90D8281AD48C00EEE4C3 /* extensionDate.swift in Sources */ = {isa = PBXBuildFile; fileRef = 94E6EF302811506100735DA2 /* extensionDate.swift */; };
		94C2D1E4280AB2A300944E87 /* DayTimer86400App.swift in Sources */ = {isa = PBXBuildFile; fileRef = 94C2D1E3280AB2A300944E87 /* DayTimer86400App.swift */; };
		94C2D1E6280AB2A300944E87 /* ContentView.swift in Sources */ = {isa = PBXBuildFile; fileRef = 94C2D1E5280AB2A300944E87 /* ContentView.swift */; };
		94C2D1E8280AB2A600944E87 /* Assets.xcassets in Resources */ = {isa = PBXBuildFile; fileRef = 94C2D1E7280AB2A600944E87 /* Assets.xcassets */; };
		94C2D1EB280AB2A600944E87 /* Preview Assets.xcassets in Resources */ = {isa = PBXBuildFile; fileRef = 94C2D1EA280AB2A600944E87 /* Preview Assets.xcassets */; };
		94C2D1F2280AB37600944E87 /* ClockView.swift in Sources */ = {isa = PBXBuildFile; fileRef = 94C2D1F1280AB37600944E87 /* ClockView.swift */; };
		94E6EF312811506200735DA2 /* extensionDate.swift in Sources */ = {isa = PBXBuildFile; fileRef = 94E6EF302811506100735DA2 /* extensionDate.swift */; };
		94E6EF33281165AF00735DA2 /* WidgetTimer86400.intentdefinition in Sources */ = {isa = PBXBuildFile; fileRef = 94E6EF36281165AF00735DA2 /* WidgetTimer86400.intentdefinition */; };
		94E6EF34281165AF00735DA2 /* WidgetTimer86400.intentdefinition in Sources */ = {isa = PBXBuildFile; fileRef = 94E6EF36281165AF00735DA2 /* WidgetTimer86400.intentdefinition */; };
		94F0556D2819357400BDBEF4 /* StopwatchView.swift in Sources */ = {isa = PBXBuildFile; fileRef = 94F0556C2819357400BDBEF4 /* StopwatchView.swift */; };
		94F055712819DE2600BDBEF4 /* extensionAppStorage.swift in Sources */ = {isa = PBXBuildFile; fileRef = 94F055702819DE2600BDBEF4 /* extensionAppStorage.swift */; };
		94F05573281A7FFE00BDBEF4 /* TimerView.swift in Sources */ = {isa = PBXBuildFile; fileRef = 94F05572281A7FFE00BDBEF4 /* TimerView.swift */; };
/* End PBXBuildFile section */

/* Begin PBXContainerItemProxy section */
		94567D24280FF96000F5849C /* PBXContainerItemProxy */ = {
			isa = PBXContainerItemProxy;
			containerPortal = 94C2D1D8280AB2A300944E87 /* Project object */;
			proxyType = 1;
			remoteGlobalIDString = 94567D14280FF95C00F5849C;
			remoteInfo = WidgetTimer86400Extension;
		};
/* End PBXContainerItemProxy section */

/* Begin PBXCopyFilesBuildPhase section */
		94567D27280FF96000F5849C /* Embed App Extensions */ = {
			isa = PBXCopyFilesBuildPhase;
			buildActionMask = 2147483647;
			dstPath = "";
			dstSubfolderSpec = 13;
			files = (
				94567D26280FF96000F5849C /* WidgetTimer86400Extension.appex in Embed App Extensions */,
			);
			name = "Embed App Extensions";
			runOnlyForDeploymentPostprocessing = 0;
		};
/* End PBXCopyFilesBuildPhase section */

/* Begin PBXFileReference section */
		94567D0F280AE36400F5849C /* SettingView.swift */ = {isa = PBXFileReference; lastKnownFileType = sourcecode.swift; path = SettingView.swift; sourceTree = "<group>"; };
		94567D15280FF95C00F5849C /* WidgetTimer86400Extension.appex */ = {isa = PBXFileReference; explicitFileType = "wrapper.app-extension"; includeInIndex = 0; path = WidgetTimer86400Extension.appex; sourceTree = BUILT_PRODUCTS_DIR; };
		94567D17280FF95C00F5849C /* WidgetKit.framework */ = {isa = PBXFileReference; lastKnownFileType = wrapper.framework; name = WidgetKit.framework; path = System/Library/Frameworks/WidgetKit.framework; sourceTree = SDKROOT; };
		94567D19280FF95D00F5849C /* SwiftUI.framework */ = {isa = PBXFileReference; lastKnownFileType = wrapper.framework; name = SwiftUI.framework; path = System/Library/Frameworks/SwiftUI.framework; sourceTree = SDKROOT; };
		94567D1C280FF95D00F5849C /* WidgetTimer86400.swift */ = {isa = PBXFileReference; lastKnownFileType = sourcecode.swift; path = WidgetTimer86400.swift; sourceTree = "<group>"; };
		94567D1F280FF96000F5849C /* Assets.xcassets */ = {isa = PBXFileReference; lastKnownFileType = folder.assetcatalog; path = Assets.xcassets; sourceTree = "<group>"; };
		94567D21280FF96000F5849C /* Info.plist */ = {isa = PBXFileReference; lastKnownFileType = text.plist.xml; path = Info.plist; sourceTree = "<group>"; };
		94C2D1E0280AB2A300944E87 /* DayTimer86400.app */ = {isa = PBXFileReference; explicitFileType = wrapper.application; includeInIndex = 0; path = DayTimer86400.app; sourceTree = BUILT_PRODUCTS_DIR; };
		94C2D1E3280AB2A300944E87 /* DayTimer86400App.swift */ = {isa = PBXFileReference; lastKnownFileType = sourcecode.swift; path = DayTimer86400App.swift; sourceTree = "<group>"; };
		94C2D1E5280AB2A300944E87 /* ContentView.swift */ = {isa = PBXFileReference; lastKnownFileType = sourcecode.swift; path = ContentView.swift; sourceTree = "<group>"; };
		94C2D1E7280AB2A600944E87 /* Assets.xcassets */ = {isa = PBXFileReference; lastKnownFileType = folder.assetcatalog; path = Assets.xcassets; sourceTree = "<group>"; };
		94C2D1EA280AB2A600944E87 /* Preview Assets.xcassets */ = {isa = PBXFileReference; lastKnownFileType = folder.assetcatalog; path = "Preview Assets.xcassets"; sourceTree = "<group>"; };
		94C2D1F1280AB37600944E87 /* ClockView.swift */ = {isa = PBXFileReference; lastKnownFileType = sourcecode.swift; path = ClockView.swift; sourceTree = "<group>"; };
		94C2D1F3280ABC7B00944E87 /* Info.plist */ = {isa = PBXFileReference; lastKnownFileType = text.plist; path = Info.plist; sourceTree = "<group>"; };
		94E6EF302811506100735DA2 /* extensionDate.swift */ = {isa = PBXFileReference; lastKnownFileType = sourcecode.swift; path = extensionDate.swift; sourceTree = "<group>"; };
		94E6EF35281165AF00735DA2 /* Base */ = {isa = PBXFileReference; lastKnownFileType = file.intentdefinition; name = Base; path = Base.lproj/WidgetTimer86400.intentdefinition; sourceTree = "<group>"; };
		94F0556C2819357400BDBEF4 /* StopwatchView.swift */ = {isa = PBXFileReference; lastKnownFileType = sourcecode.swift; path = StopwatchView.swift; sourceTree = "<group>"; };
		94F055702819DE2600BDBEF4 /* extensionAppStorage.swift */ = {isa = PBXFileReference; lastKnownFileType = sourcecode.swift; path = extensionAppStorage.swift; sourceTree = "<group>"; };
		94F05572281A7FFE00BDBEF4 /* TimerView.swift */ = {isa = PBXFileReference; lastKnownFileType = sourcecode.swift; path = TimerView.swift; sourceTree = "<group>"; };
/* End PBXFileReference section */

/* Begin PBXFrameworksBuildPhase section */
		94567D12280FF95C00F5849C /* Frameworks */ = {
			isa = PBXFrameworksBuildPhase;
			buildActionMask = 2147483647;
			files = (
				94567D1A280FF95D00F5849C /* SwiftUI.framework in Frameworks */,
				94567D18280FF95D00F5849C /* WidgetKit.framework in Frameworks */,
			);
			runOnlyForDeploymentPostprocessing = 0;
		};
		94C2D1DD280AB2A300944E87 /* Frameworks */ = {
			isa = PBXFrameworksBuildPhase;
			buildActionMask = 2147483647;
			files = (
			);
			runOnlyForDeploymentPostprocessing = 0;
		};
/* End PBXFrameworksBuildPhase section */

/* Begin PBXGroup section */
		94567D16280FF95C00F5849C /* Frameworks */ = {
			isa = PBXGroup;
			children = (
				94567D17280FF95C00F5849C /* WidgetKit.framework */,
				94567D19280FF95D00F5849C /* SwiftUI.framework */,
			);
			name = Frameworks;
			sourceTree = "<group>";
		};
		94567D1B280FF95D00F5849C /* WidgetTimer86400 */ = {
			isa = PBXGroup;
			children = (
				94567D1C280FF95D00F5849C /* WidgetTimer86400.swift */,
				94E6EF302811506100735DA2 /* extensionDate.swift */,
				94E6EF36281165AF00735DA2 /* WidgetTimer86400.intentdefinition */,
				94567D1F280FF96000F5849C /* Assets.xcassets */,
				94567D21280FF96000F5849C /* Info.plist */,
			);
			path = WidgetTimer86400;
			sourceTree = "<group>";
			usesTabs = 0;
		};
		94C2D1D7280AB2A300944E87 = {
			isa = PBXGroup;
			children = (
				94C2D1E2280AB2A300944E87 /* DayTimer86400 */,
				94567D1B280FF95D00F5849C /* WidgetTimer86400 */,
				94567D16280FF95C00F5849C /* Frameworks */,
				94C2D1E1280AB2A300944E87 /* Products */,
			);
			sourceTree = "<group>";
		};
		94C2D1E1280AB2A300944E87 /* Products */ = {
			isa = PBXGroup;
			children = (
				94C2D1E0280AB2A300944E87 /* DayTimer86400.app */,
				94567D15280FF95C00F5849C /* WidgetTimer86400Extension.appex */,
			);
			name = Products;
			sourceTree = "<group>";
		};
		94C2D1E2280AB2A300944E87 /* DayTimer86400 */ = {
			isa = PBXGroup;
			children = (
				94C2D1F3280ABC7B00944E87 /* Info.plist */,
				94C2D1E3280AB2A300944E87 /* DayTimer86400App.swift */,
				94C2D1E5280AB2A300944E87 /* ContentView.swift */,
				94C2D1F1280AB37600944E87 /* ClockView.swift */,
				94F0556C2819357400BDBEF4 /* StopwatchView.swift */,
				94F05572281A7FFE00BDBEF4 /* TimerView.swift */,
				94567D0F280AE36400F5849C /* SettingView.swift */,
				94F055702819DE2600BDBEF4 /* extensionAppStorage.swift */,
				94C2D1E7280AB2A600944E87 /* Assets.xcassets */,
				94C2D1E9280AB2A600944E87 /* Preview Content */,
			);
			path = DayTimer86400;
			sourceTree = "<group>";
		};
		94C2D1E9280AB2A600944E87 /* Preview Content */ = {
			isa = PBXGroup;
			children = (
				94C2D1EA280AB2A600944E87 /* Preview Assets.xcassets */,
			);
			path = "Preview Content";
			sourceTree = "<group>";
		};
/* End PBXGroup section */

/* Begin PBXNativeTarget section */
		94567D14280FF95C00F5849C /* WidgetTimer86400Extension */ = {
			isa = PBXNativeTarget;
			buildConfigurationList = 94567D2A280FF96000F5849C /* Build configuration list for PBXNativeTarget "WidgetTimer86400Extension" */;
			buildPhases = (
				94567D11280FF95C00F5849C /* Sources */,
				94567D12280FF95C00F5849C /* Frameworks */,
				94567D13280FF95C00F5849C /* Resources */,
			);
			buildRules = (
			);
			dependencies = (
			);
			name = WidgetTimer86400Extension;
			productName = WidgetTimer86400Extension;
			productReference = 94567D15280FF95C00F5849C /* WidgetTimer86400Extension.appex */;
			productType = "com.apple.product-type.app-extension";
		};
		94C2D1DF280AB2A300944E87 /* DayTimer86400 */ = {
			isa = PBXNativeTarget;
			buildConfigurationList = 94C2D1EE280AB2A600944E87 /* Build configuration list for PBXNativeTarget "DayTimer86400" */;
			buildPhases = (
				94C2D1DC280AB2A300944E87 /* Sources */,
				94C2D1DD280AB2A300944E87 /* Frameworks */,
				94C2D1DE280AB2A300944E87 /* Resources */,
				94567D27280FF96000F5849C /* Embed App Extensions */,
			);
			buildRules = (
			);
			dependencies = (
				94567D25280FF96000F5849C /* PBXTargetDependency */,
			);
			name = DayTimer86400;
			productName = DayTimer86400;
			productReference = 94C2D1E0280AB2A300944E87 /* DayTimer86400.app */;
			productType = "com.apple.product-type.application";
		};
/* End PBXNativeTarget section */

/* Begin PBXProject section */
		94C2D1D8280AB2A300944E87 /* Project object */ = {
			isa = PBXProject;
			attributes = {
				BuildIndependentTargetsInParallel = 1;
				LastSwiftUpdateCheck = 1330;
				LastUpgradeCheck = 1330;
				TargetAttributes = {
					94567D14280FF95C00F5849C = {
						CreatedOnToolsVersion = 13.3.1;
					};
					94C2D1DF280AB2A300944E87 = {
						CreatedOnToolsVersion = 13.3.1;
					};
				};
			};
			buildConfigurationList = 94C2D1DB280AB2A300944E87 /* Build configuration list for PBXProject "DayTimer86400" */;
			compatibilityVersion = "Xcode 13.0";
			developmentRegion = ja;
			hasScannedForEncodings = 0;
			knownRegions = (
				ja,
				Base,
			);
			mainGroup = 94C2D1D7280AB2A300944E87;
			productRefGroup = 94C2D1E1280AB2A300944E87 /* Products */;
			projectDirPath = "";
			projectRoot = "";
			targets = (
				94C2D1DF280AB2A300944E87 /* DayTimer86400 */,
				94567D14280FF95C00F5849C /* WidgetTimer86400Extension */,
			);
		};
/* End PBXProject section */

/* Begin PBXResourcesBuildPhase section */
		94567D13280FF95C00F5849C /* Resources */ = {
			isa = PBXResourcesBuildPhase;
			buildActionMask = 2147483647;
			files = (
				94567D20280FF96000F5849C /* Assets.xcassets in Resources */,
			);
			runOnlyForDeploymentPostprocessing = 0;
		};
		94C2D1DE280AB2A300944E87 /* Resources */ = {
			isa = PBXResourcesBuildPhase;
			buildActionMask = 2147483647;
			files = (
				94C2D1EB280AB2A600944E87 /* Preview Assets.xcassets in Resources */,
				94C2D1E8280AB2A600944E87 /* Assets.xcassets in Resources */,
			);
			runOnlyForDeploymentPostprocessing = 0;
		};
/* End PBXResourcesBuildPhase section */

/* Begin PBXSourcesBuildPhase section */
		94567D11280FF95C00F5849C /* Sources */ = {
			isa = PBXSourcesBuildPhase;
			buildActionMask = 2147483647;
			files = (
				94567D1D280FF95D00F5849C /* WidgetTimer86400.swift in Sources */,
				94E6EF34281165AF00735DA2 /* WidgetTimer86400.intentdefinition in Sources */,
				94E6EF312811506200735DA2 /* extensionDate.swift in Sources */,
			);
			runOnlyForDeploymentPostprocessing = 0;
		};
		94C2D1DC280AB2A300944E87 /* Sources */ = {
			isa = PBXSourcesBuildPhase;
			buildActionMask = 2147483647;
			files = (
				94C2D1F2280AB37600944E87 /* ClockView.swift in Sources */,
				94567D10280AE36400F5849C /* SettingView.swift in Sources */,
				94E6EF33281165AF00735DA2 /* WidgetTimer86400.intentdefinition in Sources */,
				94C2D1E6280AB2A300944E87 /* ContentView.swift in Sources */,
				94C2D1E4280AB2A300944E87 /* DayTimer86400App.swift in Sources */,
				94AA90D8281AD48C00EEE4C3 /* extensionDate.swift in Sources */,
				94F055712819DE2600BDBEF4 /* extensionAppStorage.swift in Sources */,
				94F05573281A7FFE00BDBEF4 /* TimerView.swift in Sources */,
				94F0556D2819357400BDBEF4 /* StopwatchView.swift in Sources */,
			);
			runOnlyForDeploymentPostprocessing = 0;
		};
/* End PBXSourcesBuildPhase section */

/* Begin PBXTargetDependency section */
		94567D25280FF96000F5849C /* PBXTargetDependency */ = {
			isa = PBXTargetDependency;
			target = 94567D14280FF95C00F5849C /* WidgetTimer86400Extension */;
			targetProxy = 94567D24280FF96000F5849C /* PBXContainerItemProxy */;
		};
/* End PBXTargetDependency section */

/* Begin PBXVariantGroup section */
		94E6EF36281165AF00735DA2 /* WidgetTimer86400.intentdefinition */ = {
			isa = PBXVariantGroup;
			children = (
				94E6EF35281165AF00735DA2 /* Base */,
			);
			name = WidgetTimer86400.intentdefinition;
			sourceTree = "<group>";
		};
/* End PBXVariantGroup section */

/* Begin XCBuildConfiguration section */
		94567D28280FF96000F5849C /* Debug */ = {
			isa = XCBuildConfiguration;
			buildSettings = {
				ASSETCATALOG_COMPILER_GLOBAL_ACCENT_COLOR_NAME = AccentColor;
				ASSETCATALOG_COMPILER_WIDGET_BACKGROUND_COLOR_NAME = WidgetBackground;
				CODE_SIGN_STYLE = Automatic;
				CURRENT_PROJECT_VERSION = 1;
				DEVELOPMENT_TEAM = VK3Y2B9G25;
				GENERATE_INFOPLIST_FILE = YES;
				INFOPLIST_FILE = WidgetTimer86400/Info.plist;
				INFOPLIST_KEY_CFBundleDisplayName = 86400;
				INFOPLIST_KEY_NSHumanReadableCopyright = "";
				IPHONEOS_DEPLOYMENT_TARGET = 14.0;
				LD_RUNPATH_SEARCH_PATHS = (
					"$(inherited)",
					"@executable_path/Frameworks",
					"@executable_path/../../Frameworks",
				);
				MARKETING_VERSION = 1.0.1;
				PRODUCT_BUNDLE_IDENTIFIER = SuzuSoftware.DayTimer86400.WidgetTimer86400;
				PRODUCT_NAME = "$(TARGET_NAME)";
				SKIP_INSTALL = YES;
				SWIFT_EMIT_LOC_STRINGS = YES;
				SWIFT_VERSION = 5.0;
				TARGETED_DEVICE_FAMILY = "1,2";
			};
			name = Debug;
		};
		94567D29280FF96000F5849C /* Release */ = {
			isa = XCBuildConfiguration;
			buildSettings = {
				ASSETCATALOG_COMPILER_GLOBAL_ACCENT_COLOR_NAME = AccentColor;
				ASSETCATALOG_COMPILER_WIDGET_BACKGROUND_COLOR_NAME = WidgetBackground;
				CODE_SIGN_STYLE = Automatic;
				CURRENT_PROJECT_VERSION = 1;
				DEVELOPMENT_TEAM = VK3Y2B9G25;
				GENERATE_INFOPLIST_FILE = YES;
				INFOPLIST_FILE = WidgetTimer86400/Info.plist;
				INFOPLIST_KEY_CFBundleDisplayName = 86400;
				INFOPLIST_KEY_NSHumanReadableCopyright = "";
				IPHONEOS_DEPLOYMENT_TARGET = 14.0;
				LD_RUNPATH_SEARCH_PATHS = (
					"$(inherited)",
					"@executable_path/Frameworks",
					"@executable_path/../../Frameworks",
				);
				MARKETING_VERSION = 1.0.1;
				PRODUCT_BUNDLE_IDENTIFIER = SuzuSoftware.DayTimer86400.WidgetTimer86400;
				PRODUCT_NAME = "$(TARGET_NAME)";
				SKIP_INSTALL = YES;
				SWIFT_EMIT_LOC_STRINGS = YES;
				SWIFT_VERSION = 5.0;
				TARGETED_DEVICE_FAMILY = "1,2";
			};
			name = Release;
		};
		94C2D1EC280AB2A600944E87 /* Debug */ = {
			isa = XCBuildConfiguration;
			buildSettings = {
				ALWAYS_SEARCH_USER_PATHS = NO;
				CLANG_ANALYZER_NONNULL = YES;
				CLANG_ANALYZER_NUMBER_OBJECT_CONVERSION = YES_AGGRESSIVE;
				CLANG_CXX_LANGUAGE_STANDARD = "gnu++17";
				CLANG_ENABLE_MODULES = YES;
				CLANG_ENABLE_OBJC_ARC = YES;
				CLANG_ENABLE_OBJC_WEAK = YES;
				CLANG_WARN_BLOCK_CAPTURE_AUTORELEASING = YES;
				CLANG_WARN_BOOL_CONVERSION = YES;
				CLANG_WARN_COMMA = YES;
				CLANG_WARN_CONSTANT_CONVERSION = YES;
				CLANG_WARN_DEPRECATED_OBJC_IMPLEMENTATIONS = YES;
				CLANG_WARN_DIRECT_OBJC_ISA_USAGE = YES_ERROR;
				CLANG_WARN_DOCUMENTATION_COMMENTS = YES;
				CLANG_WARN_EMPTY_BODY = YES;
				CLANG_WARN_ENUM_CONVERSION = YES;
				CLANG_WARN_INFINITE_RECURSION = YES;
				CLANG_WARN_INT_CONVERSION = YES;
				CLANG_WARN_NON_LITERAL_NULL_CONVERSION = YES;
				CLANG_WARN_OBJC_IMPLICIT_RETAIN_SELF = YES;
				CLANG_WARN_OBJC_LITERAL_CONVERSION = YES;
				CLANG_WARN_OBJC_ROOT_CLASS = YES_ERROR;
				CLANG_WARN_QUOTED_INCLUDE_IN_FRAMEWORK_HEADER = YES;
				CLANG_WARN_RANGE_LOOP_ANALYSIS = YES;
				CLANG_WARN_STRICT_PROTOTYPES = YES;
				CLANG_WARN_SUSPICIOUS_MOVE = YES;
				CLANG_WARN_UNGUARDED_AVAILABILITY = YES_AGGRESSIVE;
				CLANG_WARN_UNREACHABLE_CODE = YES;
				CLANG_WARN__DUPLICATE_METHOD_MATCH = YES;
				COPY_PHASE_STRIP = NO;
				DEBUG_INFORMATION_FORMAT = dwarf;
				ENABLE_STRICT_OBJC_MSGSEND = YES;
				ENABLE_TESTABILITY = YES;
				GCC_C_LANGUAGE_STANDARD = gnu11;
				GCC_DYNAMIC_NO_PIC = NO;
				GCC_NO_COMMON_BLOCKS = YES;
				GCC_OPTIMIZATION_LEVEL = 0;
				GCC_PREPROCESSOR_DEFINITIONS = (
					"DEBUG=1",
					"$(inherited)",
				);
				GCC_WARN_64_TO_32_BIT_CONVERSION = YES;
				GCC_WARN_ABOUT_RETURN_TYPE = YES_ERROR;
				GCC_WARN_UNDECLARED_SELECTOR = YES;
				GCC_WARN_UNINITIALIZED_AUTOS = YES_AGGRESSIVE;
				GCC_WARN_UNUSED_FUNCTION = YES;
				GCC_WARN_UNUSED_VARIABLE = YES;
				IPHONEOS_DEPLOYMENT_TARGET = 14.0;
				MTL_ENABLE_DEBUG_INFO = INCLUDE_SOURCE;
				MTL_FAST_MATH = YES;
				ONLY_ACTIVE_ARCH = YES;
				SDKROOT = iphoneos;
				SWIFT_ACTIVE_COMPILATION_CONDITIONS = DEBUG;
				SWIFT_OPTIMIZATION_LEVEL = "-Onone";
			};
			name = Debug;
		};
		94C2D1ED280AB2A600944E87 /* Release */ = {
			isa = XCBuildConfiguration;
			buildSettings = {
				ALWAYS_SEARCH_USER_PATHS = NO;
				CLANG_ANALYZER_NONNULL = YES;
				CLANG_ANALYZER_NUMBER_OBJECT_CONVERSION = YES_AGGRESSIVE;
				CLANG_CXX_LANGUAGE_STANDARD = "gnu++17";
				CLANG_ENABLE_MODULES = YES;
				CLANG_ENABLE_OBJC_ARC = YES;
				CLANG_ENABLE_OBJC_WEAK = YES;
				CLANG_WARN_BLOCK_CAPTURE_AUTORELEASING = YES;
				CLANG_WARN_BOOL_CONVERSION = YES;
				CLANG_WARN_COMMA = YES;
				CLANG_WARN_CONSTANT_CONVERSION = YES;
				CLANG_WARN_DEPRECATED_OBJC_IMPLEMENTATIONS = YES;
				CLANG_WARN_DIRECT_OBJC_ISA_USAGE = YES_ERROR;
				CLANG_WARN_DOCUMENTATION_COMMENTS = YES;
				CLANG_WARN_EMPTY_BODY = YES;
				CLANG_WARN_ENUM_CONVERSION = YES;
				CLANG_WARN_INFINITE_RECURSION = YES;
				CLANG_WARN_INT_CONVERSION = YES;
				CLANG_WARN_NON_LITERAL_NULL_CONVERSION = YES;
				CLANG_WARN_OBJC_IMPLICIT_RETAIN_SELF = YES;
				CLANG_WARN_OBJC_LITERAL_CONVERSION = YES;
				CLANG_WARN_OBJC_ROOT_CLASS = YES_ERROR;
				CLANG_WARN_QUOTED_INCLUDE_IN_FRAMEWORK_HEADER = YES;
				CLANG_WARN_RANGE_LOOP_ANALYSIS = YES;
				CLANG_WARN_STRICT_PROTOTYPES = YES;
				CLANG_WARN_SUSPICIOUS_MOVE = YES;
				CLANG_WARN_UNGUARDED_AVAILABILITY = YES_AGGRESSIVE;
				CLANG_WARN_UNREACHABLE_CODE = YES;
				CLANG_WARN__DUPLICATE_METHOD_MATCH = YES;
				COPY_PHASE_STRIP = NO;
				DEBUG_INFORMATION_FORMAT = "dwarf-with-dsym";
				ENABLE_NS_ASSERTIONS = NO;
				ENABLE_STRICT_OBJC_MSGSEND = YES;
				GCC_C_LANGUAGE_STANDARD = gnu11;
				GCC_NO_COMMON_BLOCKS = YES;
				GCC_WARN_64_TO_32_BIT_CONVERSION = YES;
				GCC_WARN_ABOUT_RETURN_TYPE = YES_ERROR;
				GCC_WARN_UNDECLARED_SELECTOR = YES;
				GCC_WARN_UNINITIALIZED_AUTOS = YES_AGGRESSIVE;
				GCC_WARN_UNUSED_FUNCTION = YES;
				GCC_WARN_UNUSED_VARIABLE = YES;
				IPHONEOS_DEPLOYMENT_TARGET = 14.0;
				MTL_ENABLE_DEBUG_INFO = NO;
				MTL_FAST_MATH = YES;
				SDKROOT = iphoneos;
				SWIFT_COMPILATION_MODE = wholemodule;
				SWIFT_OPTIMIZATION_LEVEL = "-O";
				VALIDATE_PRODUCT = YES;
			};
			name = Release;
		};
		94C2D1EF280AB2A600944E87 /* Debug */ = {
			isa = XCBuildConfiguration;
			buildSettings = {
				ALWAYS_EMBED_SWIFT_STANDARD_LIBRARIES = YES;
				ASSETCATALOG_COMPILER_APPICON_NAME = AppIcon;
				ASSETCATALOG_COMPILER_GLOBAL_ACCENT_COLOR_NAME = AccentColor;
				CODE_SIGN_STYLE = Automatic;
				CURRENT_PROJECT_VERSION = 1;
				DEVELOPMENT_ASSET_PATHS = "\"DayTimer86400/Preview Content\"";
				DEVELOPMENT_TEAM = VK3Y2B9G25;
				ENABLE_PREVIEWS = YES;
				GENERATE_INFOPLIST_FILE = YES;
				INFOPLIST_FILE = DayTimer86400/Info.plist;
				INFOPLIST_KEY_CFBundleDisplayName = 86400;
				INFOPLIST_KEY_UIApplicationSupportsIndirectInputEvents = YES;
				INFOPLIST_KEY_UILaunchScreen_Generation = YES;
				INFOPLIST_KEY_UISupportedInterfaceOrientations = UIInterfaceOrientationPortrait;
				INFOPLIST_KEY_UISupportedInterfaceOrientations_iPad = "UIInterfaceOrientationPortrait UIInterfaceOrientationPortraitUpsideDown UIInterfaceOrientationLandscapeLeft UIInterfaceOrientationLandscapeRight";
				INFOPLIST_KEY_UISupportedInterfaceOrientations_iPhone = UIInterfaceOrientationPortrait;
				INFOPLIST_KEY_UIUserInterfaceStyle = Dark;
				LD_RUNPATH_SEARCH_PATHS = (
					"$(inherited)",
					"@executable_path/Frameworks",
				);
				MARKETING_VERSION = 1.0.1;
				PRODUCT_BUNDLE_IDENTIFIER = SuzuSoftware.DayTimer86400;
				PRODUCT_NAME = "$(TARGET_NAME)";
				SWIFT_EMIT_LOC_STRINGS = YES;
				SWIFT_VERSION = 5.0;
				TARGETED_DEVICE_FAMILY = "1,2";
			};
			name = Debug;
		};
		94C2D1F0280AB2A600944E87 /* Release */ = {
			isa = XCBuildConfiguration;
			buildSettings = {
				ALWAYS_EMBED_SWIFT_STANDARD_LIBRARIES = YES;
				ASSETCATALOG_COMPILER_APPICON_NAME = AppIcon;
				ASSETCATALOG_COMPILER_GLOBAL_ACCENT_COLOR_NAME = AccentColor;
				CODE_SIGN_STYLE = Automatic;
				CURRENT_PROJECT_VERSION = 1;
				DEVELOPMENT_ASSET_PATHS = "\"DayTimer86400/Preview Content\"";
				DEVELOPMENT_TEAM = VK3Y2B9G25;
				ENABLE_PREVIEWS = YES;
				GENERATE_INFOPLIST_FILE = YES;
				INFOPLIST_FILE = DayTimer86400/Info.plist;
				INFOPLIST_KEY_CFBundleDisplayName = 86400;
				INFOPLIST_KEY_UIApplicationSupportsIndirectInputEvents = YES;
				INFOPLIST_KEY_UILaunchScreen_Generation = YES;
				INFOPLIST_KEY_UISupportedInterfaceOrientations = UIInterfaceOrientationPortrait;
				INFOPLIST_KEY_UISupportedInterfaceOrientations_iPad = "UIInterfaceOrientationPortrait UIInterfaceOrientationPortraitUpsideDown UIInterfaceOrientationLandscapeLeft UIInterfaceOrientationLandscapeRight";
				INFOPLIST_KEY_UISupportedInterfaceOrientations_iPhone = UIInterfaceOrientationPortrait;
				INFOPLIST_KEY_UIUserInterfaceStyle = Dark;
				LD_RUNPATH_SEARCH_PATHS = (
					"$(inherited)",
					"@executable_path/Frameworks",
				);
				MARKETING_VERSION = 1.0.1;
				PRODUCT_BUNDLE_IDENTIFIER = SuzuSoftware.DayTimer86400;
				PRODUCT_NAME = "$(TARGET_NAME)";
				SWIFT_EMIT_LOC_STRINGS = YES;
				SWIFT_VERSION = 5.0;
				TARGETED_DEVICE_FAMILY = "1,2";
			};
			name = Release;
		};
/* End XCBuildConfiguration section */

/* Begin XCConfigurationList section */
		94567D2A280FF96000F5849C /* Build configuration list for PBXNativeTarget "WidgetTimer86400Extension" */ = {
			isa = XCConfigurationList;
			buildConfigurations = (
				94567D28280FF96000F5849C /* Debug */,
				94567D29280FF96000F5849C /* Release */,
			);
			defaultConfigurationIsVisible = 0;
			defaultConfigurationName = Release;
		};
		94C2D1DB280AB2A300944E87 /* Build configuration list for PBXProject "DayTimer86400" */ = {
			isa = XCConfigurationList;
			buildConfigurations = (
				94C2D1EC280AB2A600944E87 /* Debug */,
				94C2D1ED280AB2A600944E87 /* Release */,
			);
			defaultConfigurationIsVisible = 0;
			defaultConfigurationName = Release;
		};
		94C2D1EE280AB2A600944E87 /* Build configuration list for PBXNativeTarget "DayTimer86400" */ = {
			isa = XCConfigurationList;
			buildConfigurations = (
				94C2D1EF280AB2A600944E87 /* Debug */,
				94C2D1F0280AB2A600944E87 /* Release */,
			);
			defaultConfigurationIsVisible = 0;
			defaultConfigurationName = Release;
		};
/* End XCConfigurationList section */
	};
	rootObject = 94C2D1D8280AB2A300944E87 /* Project object */;
}
